# This file is automatically @generated by Wally.
# It is not intended for manual editing.
registry = "test"

[[package]]
name = "1foreverhd/topbarplus"
version = "3.4.0"
dependencies = []

[[package]]
name = "arxkdev/ezvisualz"
version = "0.0.6"
dependencies = []

[[package]]
name = "aykut92/profilestore"
version = "1.0.21"
dependencies = []

[[package]]
name = "aykut92/replica"
version = "0.1.7"
dependencies = []

[[package]]
name = "brittonfischer/camerashaker"
version = "0.1.0"
dependencies = []

[[package]]
name = "evaera/cmdr"
version = "1.12.0"
dependencies = []

[[package]]
name = "evaera/promise"
version = "4.0.0"
dependencies = []

[[package]]
name = "howmanysmall/janitor"
version = "1.18.3"
dependencies = [["Promise", "howmanysmall/typed-promise@4.0.6"]]

[[package]]
name = "howmanysmall/typed-promise"
version = "4.0.6"
dependencies = [["Promise", "evaera/promise@4.0.0"]]

[[package]]
name = "leostormer/ragdoll-system"
version = "0.6.3"
dependencies = [["Signal", "sleitnick/signal@2.0.3"], ["Trove", "sleitnick/trove@1.8.0"]]

[[package]]
name = "littensy/charm"
version = "0.10.0"
dependencies = []

[[package]]
name = "lucas/roblox-game-template"
version = "0.1.0"
dependencies = [["CameraShaker", "brittonfischer/camerashaker@0.1.0"], ["Charm", "littensy/charm@0.10.0"], ["Cmdr", "evaera/cmdr@1.12.0"], ["Component", "sleitnick/component@2.4.8"], ["EzVisualz", "arxkdev/ezvisualz@0.0.6"], ["Janitor", "howmanysmall/janitor@1.18.3"], ["Loader", "sleitnick/loader@2.0.0"], ["Promise", "evaera/promise@4.0.0"], ["RagdollSystem", "leostormer/ragdoll-system@0.6.3"], ["Replica", "aykut92/replica@0.1.7"], ["ShapecastHitbox", "teamswordphin/shapecasthitbox@0.2.9"], ["Signal", "sleitnick/signal@2.0.3"], ["TableUtil", "sleitnick/table-util@1.2.1"], ["TopbarPlus", "1foreverhd/topbarplus@3.4.0"], ["ZonePlus", "mattschrubb/zoneplus@3.2.0"], ["ProfileStore", "aykut92/profilestore@1.0.21"]]

[[package]]
name = "mattschrubb/zoneplus"
version = "3.2.0"
dependencies = []

[[package]]
name = "sleitnick/component"
version = "2.4.8"
dependencies = [["Promise", "evaera/promise@4.0.0"], ["Signal", "sleitnick/signal@2.0.3"], ["Symbol", "sleitnick/symbol@2.0.1"], ["Trove", "sleitnick/trove@1.8.0"]]

[[package]]
name = "sleitnick/loader"
version = "2.0.0"
dependencies = []

[[package]]
name = "sleitnick/signal"
version = "2.0.3"
dependencies = []

[[package]]
name = "sleitnick/symbol"
version = "2.0.1"
dependencies = []

[[package]]
name = "sleitnick/table-util"
version = "1.2.1"
dependencies = []

[[package]]
name = "sleitnick/trove"
version = "1.8.0"
dependencies = []

[[package]]
name = "teamswordphin/shapecasthitbox"
version = "0.2.9"
dependencies = []
